// !$*UTF8*$!
{
	archiveVersion = 1;
	classes = {
	};
	objectVersion = 56;
	objects = {

/* Begin PBXBuildFile section */
		420895E329A27E2A000ACDAF /* Preview Content in Resources */ = {isa = PBXBuildFile; fileRef = 420895E129A27E2A000ACDAF /* Preview Content */; };
		420895E429A27E2A000ACDAF /* Preview Content in Resources */ = {isa = PBXBuildFile; fileRef = 420895E129A27E2A000ACDAF /* Preview Content */; };
		420895EA29A27E8E000ACDAF /* InearbyUITests.swift in Sources */ = {isa = PBXBuildFile; fileRef = 420895E929A27E8E000ACDAF /* InearbyUITests.swift */; };
		420895EC29A27E9D000ACDAF /* PairView.swift in Sources */ = {isa = PBXBuildFile; fileRef = 420895EB29A27E9D000ACDAF /* PairView.swift */; };
		420895ED29A27E9D000ACDAF /* PairView.swift in Sources */ = {isa = PBXBuildFile; fileRef = 420895EB29A27E9D000ACDAF /* PairView.swift */; };
		420895EE29A27E9D000ACDAF /* PairView.swift in Sources */ = {isa = PBXBuildFile; fileRef = 420895EB29A27E9D000ACDAF /* PairView.swift */; };
		420895F029A27EA7000ACDAF /* StartView.swift in Sources */ = {isa = PBXBuildFile; fileRef = 420895EF29A27EA7000ACDAF /* StartView.swift */; };
		420895F129A27EA7000ACDAF /* StartView.swift in Sources */ = {isa = PBXBuildFile; fileRef = 420895EF29A27EA7000ACDAF /* StartView.swift */; };
		420895F229A27EA7000ACDAF /* StartView.swift in Sources */ = {isa = PBXBuildFile; fileRef = 420895EF29A27EA7000ACDAF /* StartView.swift */; };
		420895FD29A29A7B000ACDAF /* RPSMultipeerSession.swift in Sources */ = {isa = PBXBuildFile; fileRef = 420895FC29A29A7B000ACDAF /* RPSMultipeerSession.swift */; };
		420895FE29A29A7B000ACDAF /* RPSMultipeerSession.swift in Sources */ = {isa = PBXBuildFile; fileRef = 420895FC29A29A7B000ACDAF /* RPSMultipeerSession.swift */; };
		420895FF29A29A7B000ACDAF /* RPSMultipeerSession.swift in Sources */ = {isa = PBXBuildFile; fileRef = 420895FC29A29A7B000ACDAF /* RPSMultipeerSession.swift */; };
		42446A182991325A006179E0 /* InearbyApp.swift in Sources */ = {isa = PBXBuildFile; fileRef = 42446A172991325A006179E0 /* InearbyApp.swift */; };
		42446A1C2991325B006179E0 /* Assets.xcassets in Resources */ = {isa = PBXBuildFile; fileRef = 42446A1B2991325B006179E0 /* Assets.xcassets */; };
		42446A1F2991325B006179E0 /* Preview Assets.xcassets in Resources */ = {isa = PBXBuildFile; fileRef = 42446A1E2991325B006179E0 /* Preview Assets.xcassets */; };
		42446A292991325C006179E0 /* InearbyTests.swift in Sources */ = {isa = PBXBuildFile; fileRef = 42446A282991325C006179E0 /* InearbyTests.swift */; };
		42446A352991325C006179E0 /* InearbyUITestsLaunchTests.swift in Sources */ = {isa = PBXBuildFile; fileRef = 42446A342991325C006179E0 /* InearbyUITestsLaunchTests.swift */; };
		51F693D0299BBEC50081D8B0 /* TreeAntGame.swift in Sources */ = {isa = PBXBuildFile; fileRef = 51F693CF299BBEC50081D8B0 /* TreeAntGame.swift */; };
		53B9CF9F29A81CE0007E3BC0 /* BoardView.swift in Sources */ = {isa = PBXBuildFile; fileRef = 53B9CF9E29A81CE0007E3BC0 /* BoardView.swift */; };
		53B9CFA129A81CFF007E3BC0 /* GamrViewModel.swift in Sources */ = {isa = PBXBuildFile; fileRef = 53B9CFA029A81CFF007E3BC0 /* GamrViewModel.swift */; };
		53B9CFA329A81D29007E3BC0 /* GameMoveModel.swift in Sources */ = {isa = PBXBuildFile; fileRef = 53B9CFA229A81D29007E3BC0 /* GameMoveModel.swift */; };
		53B9CFA529A81D52007E3BC0 /* User.swift in Sources */ = {isa = PBXBuildFile; fileRef = 53B9CFA429A81D52007E3BC0 /* User.swift */; };
		53B9CFA929A81D83007E3BC0 /* XORecView.swift in Sources */ = {isa = PBXBuildFile; fileRef = 53B9CFA829A81D83007E3BC0 /* XORecView.swift */; };
		53B9CFAB29A81D99007E3BC0 /* PlayerIndicatorView.swift in Sources */ = {isa = PBXBuildFile; fileRef = 53B9CFAA29A81D99007E3BC0 /* PlayerIndicatorView.swift */; };
		53B9CFAD29A81DBB007E3BC0 /* XOTimerView.swift in Sources */ = {isa = PBXBuildFile; fileRef = 53B9CFAC29A81DBB007E3BC0 /* XOTimerView.swift */; };
		EF1BBA7029A3E4C40040A745 /* caustomcards.swift in Sources */ = {isa = PBXBuildFile; fileRef = EF1BBA6F29A3E4C40040A745 /* caustomcards.swift */; };
		EF1BBA7329A3E4D90040A745 /* ContentView.swift in Sources */ = {isa = PBXBuildFile; fileRef = EF1BBA7229A3E4D90040A745 /* ContentView.swift */; };
		EF1BBA7529A3E4E80040A745 /* games.swift in Sources */ = {isa = PBXBuildFile; fileRef = EF1BBA7429A3E4E80040A745 /* games.swift */; };
		EF1BBA7729A3E4F00040A745 /* Stickersview.swift in Sources */ = {isa = PBXBuildFile; fileRef = EF1BBA7629A3E4F00040A745 /* Stickersview.swift */; };
		EF1BBA7929A3E4FA0040A745 /* Homee.swift in Sources */ = {isa = PBXBuildFile; fileRef = EF1BBA7829A3E4FA0040A745 /* Homee.swift */; };
/* End PBXBuildFile section */

/* Begin PBXContainerItemProxy section */
		42446A252991325C006179E0 /* PBXContainerItemProxy */ = {
			isa = PBXContainerItemProxy;
			containerPortal = 42446A0C2991325A006179E0 /* Project object */;
			proxyType = 1;
			remoteGlobalIDString = 42446A132991325A006179E0;
			remoteInfo = Inearby;
		};
		42446A2F2991325C006179E0 /* PBXContainerItemProxy */ = {
			isa = PBXContainerItemProxy;
			containerPortal = 42446A0C2991325A006179E0 /* Project object */;
			proxyType = 1;
			remoteGlobalIDString = 42446A132991325A006179E0;
			remoteInfo = Inearby;
		};
/* End PBXContainerItemProxy section */

/* Begin PBXCopyFilesBuildPhase section */
		EF48149229A534520080CFA9 /* Services */ = {
			isa = PBXCopyFilesBuildPhase;
			buildActionMask = 2147483647;
			dstPath = "";
			dstSubfolderSpec = 7;
			files = (
			);
			name = Services;
			runOnlyForDeploymentPostprocessing = 0;
		};
/* End PBXCopyFilesBuildPhase section */

/* Begin PBXFileReference section */
		420895E129A27E2A000ACDAF /* Preview Content */ = {isa = PBXFileReference; lastKnownFileType = folder; path = "Preview Content"; sourceTree = "<group>"; };
		420895E929A27E8E000ACDAF /* InearbyUITests.swift */ = {isa = PBXFileReference; lastKnownFileType = sourcecode.swift; path = InearbyUITests.swift; sourceTree = "<group>"; };
		420895EB29A27E9D000ACDAF /* PairView.swift */ = {isa = PBXFileReference; fileEncoding = 4; lastKnownFileType = sourcecode.swift; path = PairView.swift; sourceTree = "<group>"; };
		420895EF29A27EA7000ACDAF /* StartView.swift */ = {isa = PBXFileReference; fileEncoding = 4; lastKnownFileType = sourcecode.swift; path = StartView.swift; sourceTree = "<group>"; };
		420895FC29A29A7B000ACDAF /* RPSMultipeerSession.swift */ = {isa = PBXFileReference; fileEncoding = 4; lastKnownFileType = sourcecode.swift; name = RPSMultipeerSession.swift; path = "InearbyTests/Preview Content/RPSMultipeerSession.swift"; sourceTree = SOURCE_ROOT; };
		42446A142991325A006179E0 /* Inearby.app */ = {isa = PBXFileReference; explicitFileType = wrapper.application; includeInIndex = 0; path = Inearby.app; sourceTree = BUILT_PRODUCTS_DIR; };
		42446A172991325A006179E0 /* InearbyApp.swift */ = {isa = PBXFileReference; lastKnownFileType = sourcecode.swift; path = InearbyApp.swift; sourceTree = "<group>"; };
		42446A1B2991325B006179E0 /* Assets.xcassets */ = {isa = PBXFileReference; lastKnownFileType = folder.assetcatalog; path = Assets.xcassets; sourceTree = "<group>"; };
		42446A1E2991325B006179E0 /* Preview Assets.xcassets */ = {isa = PBXFileReference; lastKnownFileType = folder.assetcatalog; path = "Preview Assets.xcassets"; sourceTree = "<group>"; };
		42446A242991325C006179E0 /* InearbyTests.xctest */ = {isa = PBXFileReference; explicitFileType = wrapper.cfbundle; includeInIndex = 0; path = InearbyTests.xctest; sourceTree = BUILT_PRODUCTS_DIR; };
		42446A282991325C006179E0 /* InearbyTests.swift */ = {isa = PBXFileReference; lastKnownFileType = sourcecode.swift; path = InearbyTests.swift; sourceTree = "<group>"; };
		42446A2E2991325C006179E0 /* InearbyUITests.xctest */ = {isa = PBXFileReference; explicitFileType = wrapper.cfbundle; includeInIndex = 0; path = InearbyUITests.xctest; sourceTree = BUILT_PRODUCTS_DIR; };
		42446A342991325C006179E0 /* InearbyUITestsLaunchTests.swift */ = {isa = PBXFileReference; lastKnownFileType = sourcecode.swift; path = InearbyUITestsLaunchTests.swift; sourceTree = "<group>"; };
		51F693CF299BBEC50081D8B0 /* TreeAntGame.swift */ = {isa = PBXFileReference; lastKnownFileType = sourcecode.swift; path = TreeAntGame.swift; sourceTree = "<group>"; };
		53B9CF9E29A81CE0007E3BC0 /* BoardView.swift */ = {isa = PBXFileReference; lastKnownFileType = sourcecode.swift; path = BoardView.swift; sourceTree = "<group>"; };
		53B9CFA029A81CFF007E3BC0 /* GamrViewModel.swift */ = {isa = PBXFileReference; lastKnownFileType = sourcecode.swift; path = GamrViewModel.swift; sourceTree = "<group>"; };
		53B9CFA229A81D29007E3BC0 /* GameMoveModel.swift */ = {isa = PBXFileReference; lastKnownFileType = sourcecode.swift; path = GameMoveModel.swift; sourceTree = "<group>"; };
		53B9CFA429A81D52007E3BC0 /* User.swift */ = {isa = PBXFileReference; lastKnownFileType = sourcecode.swift; path = User.swift; sourceTree = "<group>"; };
		53B9CFA829A81D83007E3BC0 /* XORecView.swift */ = {isa = PBXFileReference; lastKnownFileType = sourcecode.swift; path = XORecView.swift; sourceTree = "<group>"; };
		53B9CFAA29A81D99007E3BC0 /* PlayerIndicatorView.swift */ = {isa = PBXFileReference; lastKnownFileType = sourcecode.swift; path = PlayerIndicatorView.swift; sourceTree = "<group>"; };
		53B9CFAC29A81DBB007E3BC0 /* XOTimerView.swift */ = {isa = PBXFileReference; lastKnownFileType = sourcecode.swift; path = XOTimerView.swift; sourceTree = "<group>"; };
		EF1BBA6F29A3E4C40040A745 /* caustomcards.swift */ = {isa = PBXFileReference; fileEncoding = 4; lastKnownFileType = sourcecode.swift; path = caustomcards.swift; sourceTree = "<group>"; };
		EF1BBA7229A3E4D90040A745 /* ContentView.swift */ = {isa = PBXFileReference; fileEncoding = 4; lastKnownFileType = sourcecode.swift; path = ContentView.swift; sourceTree = "<group>"; };
		EF1BBA7429A3E4E80040A745 /* games.swift */ = {isa = PBXFileReference; fileEncoding = 4; lastKnownFileType = sourcecode.swift; path = games.swift; sourceTree = "<group>"; };
		EF1BBA7629A3E4F00040A745 /* Stickersview.swift */ = {isa = PBXFileReference; fileEncoding = 4; lastKnownFileType = sourcecode.swift; path = Stickersview.swift; sourceTree = "<group>"; };
		EF1BBA7829A3E4FA0040A745 /* Homee.swift */ = {isa = PBXFileReference; fileEncoding = 4; lastKnownFileType = sourcecode.swift; path = Homee.swift; sourceTree = "<group>"; };
		EF48149329A534940080CFA9 /* Info.plist */ = {isa = PBXFileReference; lastKnownFileType = text.plist.xml; path = Info.plist; sourceTree = "<group>"; };
		EF48149729A54CF40080CFA9 /* InearbyRelease.entitlements */ = {isa = PBXFileReference; lastKnownFileType = text.plist.entitlements; path = InearbyRelease.entitlements; sourceTree = "<group>"; };
		EF890B1829A5111A0080F1EB /* InearbyyApp.swift */ = {isa = PBXFileReference; lastKnownFileType = sourcecode.swift; path = InearbyyApp.swift; sourceTree = "<group>"; };
		EF890B1A29A5111A0080F1EB /* ContentView.swift */ = {isa = PBXFileReference; lastKnownFileType = sourcecode.swift; path = ContentView.swift; sourceTree = "<group>"; };
		EF890B1C29A5111B0080F1EB /* Assets.xcassets */ = {isa = PBXFileReference; lastKnownFileType = folder.assetcatalog; path = Assets.xcassets; sourceTree = "<group>"; };
		EF890B1F29A5111B0080F1EB /* Preview Assets.xcassets */ = {isa = PBXFileReference; lastKnownFileType = folder.assetcatalog; path = "Preview Assets.xcassets"; sourceTree = "<group>"; };
/* End PBXFileReference section */

/* Begin PBXFrameworksBuildPhase section */
		42446A112991325A006179E0 /* Frameworks */ = {
			isa = PBXFrameworksBuildPhase;
			buildActionMask = 2147483647;
			files = (
			);
			runOnlyForDeploymentPostprocessing = 0;
		};
		42446A212991325C006179E0 /* Frameworks */ = {
			isa = PBXFrameworksBuildPhase;
			buildActionMask = 2147483647;
			files = (
			);
			runOnlyForDeploymentPostprocessing = 0;
		};
		42446A2B2991325C006179E0 /* Frameworks */ = {
			isa = PBXFrameworksBuildPhase;
			buildActionMask = 2147483647;
			files = (
			);
			runOnlyForDeploymentPostprocessing = 0;
		};
/* End PBXFrameworksBuildPhase section */

/* Begin PBXGroup section */
		42446A0B2991325A006179E0 = {
			isa = PBXGroup;
			children = (
				EF1BBA7129A3E4CD0040A745 /* View */,
				EF1BBA6E29A3E4AA0040A745 /* Model */,
				42446A162991325A006179E0 /* Inearby */,
				42446A272991325C006179E0 /* InearbyTests */,
				42446A312991325C006179E0 /* InearbyUITests */,
				EF890B1729A5111A0080F1EB /* Inearbyy */,
				42446A152991325A006179E0 /* Products */,
			);
			sourceTree = "<group>";
		};
		42446A152991325A006179E0 /* Products */ = {
			isa = PBXGroup;
			children = (
				42446A142991325A006179E0 /* Inearby.app */,
				42446A242991325C006179E0 /* InearbyTests.xctest */,
				42446A2E2991325C006179E0 /* InearbyUITests.xctest */,
			);
			name = Products;
			sourceTree = "<group>";
		};
		42446A162991325A006179E0 /* Inearby */ = {
			isa = PBXGroup;
			children = (
				EF48149729A54CF40080CFA9 /* InearbyRelease.entitlements */,
				42446A172991325A006179E0 /* InearbyApp.swift */,
				420895EF29A27EA7000ACDAF /* StartView.swift */,
				51F693CF299BBEC50081D8B0 /* TreeAntGame.swift */,
				420895EB29A27E9D000ACDAF /* PairView.swift */,
				420895FC29A29A7B000ACDAF /* RPSMultipeerSession.swift */,
				42446A1B2991325B006179E0 /* Assets.xcassets */,
				42446A1D2991325B006179E0 /* Preview Content */,
			);
			path = Inearby;
			sourceTree = "<group>";
		};
		42446A1D2991325B006179E0 /* Preview Content */ = {
			isa = PBXGroup;
			children = (
				42446A1E2991325B006179E0 /* Preview Assets.xcassets */,
			);
			path = "Preview Content";
			sourceTree = "<group>";
		};
		42446A272991325C006179E0 /* InearbyTests */ = {
			isa = PBXGroup;
			children = (
				42446A282991325C006179E0 /* InearbyTests.swift */,
				420895E129A27E2A000ACDAF /* Preview Content */,
			);
			path = InearbyTests;
			sourceTree = "<group>";
		};
		42446A312991325C006179E0 /* InearbyUITests */ = {
			isa = PBXGroup;
			children = (
				42446A342991325C006179E0 /* InearbyUITestsLaunchTests.swift */,
				420895E929A27E8E000ACDAF /* InearbyUITests.swift */,
			);
			path = InearbyUITests;
			sourceTree = "<group>";
		};
		EF1BBA6E29A3E4AA0040A745 /* Model */ = {
			isa = PBXGroup;
			children = (
				EF1BBA6F29A3E4C40040A745 /* caustomcards.swift */,
				EF1BBA7429A3E4E80040A745 /* games.swift */,
				53B9CFA429A81D52007E3BC0 /* User.swift */,
				53B9CFA229A81D29007E3BC0 /* GameMoveModel.swift */,
			);
			path = Model;
			sourceTree = "<group>";
		};
		EF1BBA7129A3E4CD0040A745 /* View */ = {
			isa = PBXGroup;
			children = (
				EF1BBA7829A3E4FA0040A745 /* Homee.swift */,
				EF1BBA7629A3E4F00040A745 /* Stickersview.swift */,
				EF1BBA7229A3E4D90040A745 /* ContentView.swift */,
				53B9CF9E29A81CE0007E3BC0 /* BoardView.swift */,
				53B9CFA029A81CFF007E3BC0 /* GamrViewModel.swift */,
				53B9CFA829A81D83007E3BC0 /* XORecView.swift */,
				53B9CFAC29A81DBB007E3BC0 /* XOTimerView.swift */,
				53B9CFAA29A81D99007E3BC0 /* PlayerIndicatorView.swift */,
				EF48149329A534940080CFA9 /* Info.plist */,
			);
			path = View;
			sourceTree = "<group>";
		};
		EF890B1729A5111A0080F1EB /* Inearbyy */ = {
			isa = PBXGroup;
			children = (
				EF890B1829A5111A0080F1EB /* InearbyyApp.swift */,
				EF890B1A29A5111A0080F1EB /* ContentView.swift */,
				EF890B1C29A5111B0080F1EB /* Assets.xcassets */,
				EF890B1E29A5111B0080F1EB /* Preview Content */,
			);
			path = Inearbyy;
			sourceTree = "<group>";
		};
		EF890B1E29A5111B0080F1EB /* Preview Content */ = {
			isa = PBXGroup;
			children = (
				EF890B1F29A5111B0080F1EB /* Preview Assets.xcassets */,
			);
			path = "Preview Content";
			sourceTree = "<group>";
		};
/* End PBXGroup section */

/* Begin PBXNativeTarget section */
		42446A132991325A006179E0 /* Inearby */ = {
			isa = PBXNativeTarget;
			buildConfigurationList = 42446A382991325C006179E0 /* Build configuration list for PBXNativeTarget "Inearby" */;
			buildPhases = (
				42446A102991325A006179E0 /* Sources */,
				42446A112991325A006179E0 /* Frameworks */,
				42446A122991325A006179E0 /* Resources */,
				EF48149229A534520080CFA9 /* Services */,
			);
			buildRules = (
			);
			dependencies = (
			);
			name = Inearby;
			productName = Inearby;
			productReference = 42446A142991325A006179E0 /* Inearby.app */;
			productType = "com.apple.product-type.application";
		};
		42446A232991325C006179E0 /* InearbyTests */ = {
			isa = PBXNativeTarget;
			buildConfigurationList = 42446A3B2991325C006179E0 /* Build configuration list for PBXNativeTarget "InearbyTests" */;
			buildPhases = (
				42446A202991325C006179E0 /* Sources */,
				42446A212991325C006179E0 /* Frameworks */,
				42446A222991325C006179E0 /* Resources */,
			);
			buildRules = (
			);
			dependencies = (
				42446A262991325C006179E0 /* PBXTargetDependency */,
			);
			name = InearbyTests;
			productName = InearbyTests;
			productReference = 42446A242991325C006179E0 /* InearbyTests.xctest */;
			productType = "com.apple.product-type.bundle.unit-test";
		};
		42446A2D2991325C006179E0 /* InearbyUITests */ = {
			isa = PBXNativeTarget;
			buildConfigurationList = 42446A3E2991325C006179E0 /* Build configuration list for PBXNativeTarget "InearbyUITests" */;
			buildPhases = (
				42446A2A2991325C006179E0 /* Sources */,
				42446A2B2991325C006179E0 /* Frameworks */,
				42446A2C2991325C006179E0 /* Resources */,
			);
			buildRules = (
			);
			dependencies = (
				42446A302991325C006179E0 /* PBXTargetDependency */,
			);
			name = InearbyUITests;
			productName = InearbyUITests;
			productReference = 42446A2E2991325C006179E0 /* InearbyUITests.xctest */;
			productType = "com.apple.product-type.bundle.ui-testing";
		};
/* End PBXNativeTarget section */

/* Begin PBXProject section */
		42446A0C2991325A006179E0 /* Project object */ = {
			isa = PBXProject;
			attributes = {
				BuildIndependentTargetsInParallel = 1;
				LastSwiftUpdateCheck = 1420;
				LastUpgradeCheck = 1420;
				TargetAttributes = {
					42446A132991325A006179E0 = {
						CreatedOnToolsVersion = 14.2;
					};
					42446A232991325C006179E0 = {
						CreatedOnToolsVersion = 14.2;
						TestTargetID = 42446A132991325A006179E0;
					};
					42446A2D2991325C006179E0 = {
						CreatedOnToolsVersion = 14.2;
						TestTargetID = 42446A132991325A006179E0;
					};
				};
			};
			buildConfigurationList = 42446A0F2991325A006179E0 /* Build configuration list for PBXProject "Inearby" */;
			compatibilityVersion = "Xcode 14.0";
			developmentRegion = en;
			hasScannedForEncodings = 0;
			knownRegions = (
				en,
				Base,
			);
			mainGroup = 42446A0B2991325A006179E0;
			productRefGroup = 42446A152991325A006179E0 /* Products */;
			projectDirPath = "";
			projectRoot = "";
			targets = (
				42446A132991325A006179E0 /* Inearby */,
				42446A232991325C006179E0 /* InearbyTests */,
				42446A2D2991325C006179E0 /* InearbyUITests */,
			);
		};
/* End PBXProject section */

/* Begin PBXResourcesBuildPhase section */
		42446A122991325A006179E0 /* Resources */ = {
			isa = PBXResourcesBuildPhase;
			buildActionMask = 2147483647;
			files = (
				42446A1F2991325B006179E0 /* Preview Assets.xcassets in Resources */,
				42446A1C2991325B006179E0 /* Assets.xcassets in Resources */,
			);
			runOnlyForDeploymentPostprocessing = 0;
		};
		42446A222991325C006179E0 /* Resources */ = {
			isa = PBXResourcesBuildPhase;
			buildActionMask = 2147483647;
			files = (
				420895E329A27E2A000ACDAF /* Preview Content in Resources */,
			);
			runOnlyForDeploymentPostprocessing = 0;
		};
		42446A2C2991325C006179E0 /* Resources */ = {
			isa = PBXResourcesBuildPhase;
			buildActionMask = 2147483647;
			files = (
				420895E429A27E2A000ACDAF /* Preview Content in Resources */,
			);
			runOnlyForDeploymentPostprocessing = 0;
		};
/* End PBXResourcesBuildPhase section */

/* Begin PBXSourcesBuildPhase section */
		42446A102991325A006179E0 /* Sources */ = {
			isa = PBXSourcesBuildPhase;
			buildActionMask = 2147483647;
			files = (
				53B9CFA929A81D83007E3BC0 /* XORecView.swift in Sources */,
				53B9CF9F29A81CE0007E3BC0 /* BoardView.swift in Sources */,
				420895EC29A27E9D000ACDAF /* PairView.swift in Sources */,
				420895FD29A29A7B000ACDAF /* RPSMultipeerSession.swift in Sources */,
				53B9CFAD29A81DBB007E3BC0 /* XOTimerView.swift in Sources */,
				EF1BBA7929A3E4FA0040A745 /* Homee.swift in Sources */,
				EF1BBA7329A3E4D90040A745 /* ContentView.swift in Sources */,
				53B9CFA129A81CFF007E3BC0 /* GamrViewModel.swift in Sources */,
				53B9CFA529A81D52007E3BC0 /* User.swift in Sources */,
				EF1BBA7729A3E4F00040A745 /* Stickersview.swift in Sources */,
				53B9CFAB29A81D99007E3BC0 /* PlayerIndicatorView.swift in Sources */,
				EF1BBA7529A3E4E80040A745 /* games.swift in Sources */,
				53B9CFA329A81D29007E3BC0 /* GameMoveModel.swift in Sources */,
				420895F029A27EA7000ACDAF /* StartView.swift in Sources */,
				42446A182991325A006179E0 /* InearbyApp.swift in Sources */,
				EF1BBA7029A3E4C40040A745 /* caustomcards.swift in Sources */,
				51F693D0299BBEC50081D8B0 /* TreeAntGame.swift in Sources */,
			);
			runOnlyForDeploymentPostprocessing = 0;
		};
		42446A202991325C006179E0 /* Sources */ = {
			isa = PBXSourcesBuildPhase;
			buildActionMask = 2147483647;
			files = (
				420895FE29A29A7B000ACDAF /* RPSMultipeerSession.swift in Sources */,
				420895F129A27EA7000ACDAF /* StartView.swift in Sources */,
				420895ED29A27E9D000ACDAF /* PairView.swift in Sources */,
				42446A292991325C006179E0 /* InearbyTests.swift in Sources */,
			);
			runOnlyForDeploymentPostprocessing = 0;
		};
		42446A2A2991325C006179E0 /* Sources */ = {
			isa = PBXSourcesBuildPhase;
			buildActionMask = 2147483647;
			files = (
				420895EE29A27E9D000ACDAF /* PairView.swift in Sources */,
				420895FF29A29A7B000ACDAF /* RPSMultipeerSession.swift in Sources */,
				420895EA29A27E8E000ACDAF /* InearbyUITests.swift in Sources */,
				42446A352991325C006179E0 /* InearbyUITestsLaunchTests.swift in Sources */,
				420895F229A27EA7000ACDAF /* StartView.swift in Sources */,
			);
			runOnlyForDeploymentPostprocessing = 0;
		};
/* End PBXSourcesBuildPhase section */

/* Begin PBXTargetDependency section */
		42446A262991325C006179E0 /* PBXTargetDependency */ = {
			isa = PBXTargetDependency;
			target = 42446A132991325A006179E0 /* Inearby */;
			targetProxy = 42446A252991325C006179E0 /* PBXContainerItemProxy */;
		};
		42446A302991325C006179E0 /* PBXTargetDependency */ = {
			isa = PBXTargetDependency;
			target = 42446A132991325A006179E0 /* Inearby */;
			targetProxy = 42446A2F2991325C006179E0 /* PBXContainerItemProxy */;
		};
/* End PBXTargetDependency section */

/* Begin XCBuildConfiguration section */
		42446A362991325C006179E0 /* Debug */ = {
			isa = XCBuildConfiguration;
			buildSettings = {
				ALLOW_TARGET_PLATFORM_SPECIALIZATION = YES;
				ALWAYS_SEARCH_USER_PATHS = NO;
				CLANG_ANALYZER_NONNULL = YES;
				CLANG_ANALYZER_NUMBER_OBJECT_CONVERSION = YES_AGGRESSIVE;
				CLANG_CXX_LANGUAGE_STANDARD = "gnu++20";
				CLANG_ENABLE_MODULES = YES;
				CLANG_ENABLE_OBJC_ARC = YES;
				CLANG_ENABLE_OBJC_WEAK = YES;
				CLANG_WARN_BLOCK_CAPTURE_AUTORELEASING = YES;
				CLANG_WARN_BOOL_CONVERSION = YES;
				CLANG_WARN_COMMA = YES;
				CLANG_WARN_CONSTANT_CONVERSION = YES;
				CLANG_WARN_DEPRECATED_OBJC_IMPLEMENTATIONS = YES;
				CLANG_WARN_DIRECT_OBJC_ISA_USAGE = YES_ERROR;
				CLANG_WARN_DOCUMENTATION_COMMENTS = YES;
				CLANG_WARN_EMPTY_BODY = YES;
				CLANG_WARN_ENUM_CONVERSION = YES;
				CLANG_WARN_INFINITE_RECURSION = YES;
				CLANG_WARN_INT_CONVERSION = YES;
				CLANG_WARN_NON_LITERAL_NULL_CONVERSION = YES;
				CLANG_WARN_OBJC_IMPLICIT_RETAIN_SELF = YES;
				CLANG_WARN_OBJC_LITERAL_CONVERSION = YES;
				CLANG_WARN_OBJC_ROOT_CLASS = YES_ERROR;
				CLANG_WARN_QUOTED_INCLUDE_IN_FRAMEWORK_HEADER = YES;
				CLANG_WARN_RANGE_LOOP_ANALYSIS = YES;
				CLANG_WARN_STRICT_PROTOTYPES = YES;
				CLANG_WARN_SUSPICIOUS_MOVE = YES;
				CLANG_WARN_UNGUARDED_AVAILABILITY = YES_AGGRESSIVE;
				CLANG_WARN_UNREACHABLE_CODE = YES;
				CLANG_WARN__DUPLICATE_METHOD_MATCH = YES;
				CODE_SIGN_ENTITLEMENTS = "";
				COPY_PHASE_STRIP = NO;
				DEBUG_INFORMATION_FORMAT = dwarf;
				ENABLE_APP_SANDBOX = YES;
				ENABLE_HARDENED_RUNTIME = YES;
				ENABLE_STRICT_OBJC_MSGSEND = YES;
				ENABLE_TESTABILITY = YES;
				GCC_C_LANGUAGE_STANDARD = gnu11;
				GCC_DYNAMIC_NO_PIC = NO;
				GCC_NO_COMMON_BLOCKS = YES;
				GCC_OPTIMIZATION_LEVEL = 0;
				GCC_PREPROCESSOR_DEFINITIONS = (
					"DEBUG=1",
					"$(inherited)",
				);
				GCC_WARN_64_TO_32_BIT_CONVERSION = YES;
				GCC_WARN_ABOUT_RETURN_TYPE = YES_ERROR;
				GCC_WARN_UNDECLARED_SELECTOR = YES;
				GCC_WARN_UNINITIALIZED_AUTOS = YES_AGGRESSIVE;
				GCC_WARN_UNUSED_FUNCTION = YES;
				GCC_WARN_UNUSED_VARIABLE = YES;
				IPHONEOS_DEPLOYMENT_TARGET = 16.2;
				MTL_ENABLE_DEBUG_INFO = INCLUDE_SOURCE;
				MTL_FAST_MATH = YES;
				ONLY_ACTIVE_ARCH = YES;
				SDKROOT = iphoneos;
				SUPPORTED_PLATFORMS = "watchsimulator watchos macosx iphonesimulator iphoneos driverkit appletvsimulator appletvos";
				SUPPORTS_MACCATALYST = YES;
				SWIFT_ACTIVE_COMPILATION_CONDITIONS = DEBUG;
				SWIFT_OPTIMIZATION_LEVEL = "-Onone";
				VALIDATE_PRODUCT = YES;
			};
			name = Debug;
		};
		42446A372991325C006179E0 /* Release */ = {
			isa = XCBuildConfiguration;
			buildSettings = {
				ALLOW_TARGET_PLATFORM_SPECIALIZATION = YES;
				ALWAYS_SEARCH_USER_PATHS = NO;
				CLANG_ANALYZER_NONNULL = YES;
				CLANG_ANALYZER_NUMBER_OBJECT_CONVERSION = YES_AGGRESSIVE;
				CLANG_CXX_LANGUAGE_STANDARD = "gnu++20";
				CLANG_ENABLE_MODULES = YES;
				CLANG_ENABLE_OBJC_ARC = YES;
				CLANG_ENABLE_OBJC_WEAK = YES;
				CLANG_WARN_BLOCK_CAPTURE_AUTORELEASING = YES;
				CLANG_WARN_BOOL_CONVERSION = YES;
				CLANG_WARN_COMMA = YES;
				CLANG_WARN_CONSTANT_CONVERSION = YES;
				CLANG_WARN_DEPRECATED_OBJC_IMPLEMENTATIONS = YES;
				CLANG_WARN_DIRECT_OBJC_ISA_USAGE = YES_ERROR;
				CLANG_WARN_DOCUMENTATION_COMMENTS = YES;
				CLANG_WARN_EMPTY_BODY = YES;
				CLANG_WARN_ENUM_CONVERSION = YES;
				CLANG_WARN_INFINITE_RECURSION = YES;
				CLANG_WARN_INT_CONVERSION = YES;
				CLANG_WARN_NON_LITERAL_NULL_CONVERSION = YES;
				CLANG_WARN_OBJC_IMPLICIT_RETAIN_SELF = YES;
				CLANG_WARN_OBJC_LITERAL_CONVERSION = YES;
				CLANG_WARN_OBJC_ROOT_CLASS = YES_ERROR;
				CLANG_WARN_QUOTED_INCLUDE_IN_FRAMEWORK_HEADER = YES;
				CLANG_WARN_RANGE_LOOP_ANALYSIS = YES;
				CLANG_WARN_STRICT_PROTOTYPES = YES;
				CLANG_WARN_SUSPICIOUS_MOVE = YES;
				CLANG_WARN_UNGUARDED_AVAILABILITY = YES_AGGRESSIVE;
				CLANG_WARN_UNREACHABLE_CODE = YES;
				CLANG_WARN__DUPLICATE_METHOD_MATCH = YES;
				CODE_SIGN_ENTITLEMENTS = "";
				COPY_PHASE_STRIP = NO;
				DEBUG_INFORMATION_FORMAT = "dwarf-with-dsym";
				ENABLE_APP_SANDBOX = YES;
				ENABLE_HARDENED_RUNTIME = YES;
				ENABLE_NS_ASSERTIONS = NO;
				ENABLE_STRICT_OBJC_MSGSEND = YES;
				GCC_C_LANGUAGE_STANDARD = gnu11;
				GCC_NO_COMMON_BLOCKS = YES;
				GCC_WARN_64_TO_32_BIT_CONVERSION = YES;
				GCC_WARN_ABOUT_RETURN_TYPE = YES_ERROR;
				GCC_WARN_UNDECLARED_SELECTOR = YES;
				GCC_WARN_UNINITIALIZED_AUTOS = YES_AGGRESSIVE;
				GCC_WARN_UNUSED_FUNCTION = YES;
				GCC_WARN_UNUSED_VARIABLE = YES;
				IPHONEOS_DEPLOYMENT_TARGET = 16.2;
				MTL_ENABLE_DEBUG_INFO = NO;
				MTL_FAST_MATH = YES;
				SDKROOT = iphoneos;
				SUPPORTED_PLATFORMS = "watchsimulator watchos macosx iphonesimulator iphoneos driverkit appletvsimulator appletvos";
				SUPPORTS_MACCATALYST = YES;
				SWIFT_COMPILATION_MODE = wholemodule;
				SWIFT_OPTIMIZATION_LEVEL = "-O";
				VALIDATE_PRODUCT = YES;
			};
			name = Release;
		};
		42446A392991325C006179E0 /* Debug */ = {
			isa = XCBuildConfiguration;
			buildSettings = {
				ASSETCATALOG_COMPILER_APPICON_NAME = AppIcon;
				ASSETCATALOG_COMPILER_GLOBAL_ACCENT_COLOR_NAME = AccentColor;
				CODE_SIGN_ENTITLEMENTS = Inearby/Inearby.entitlements;
				CODE_SIGN_STYLE = Automatic;
				CURRENT_PROJECT_VERSION = 1;
				DEVELOPMENT_ASSET_PATHS = "\"Inearby/Preview Content\"";
				DEVELOPMENT_TEAM = 44WU49QPS6;
				ENABLE_APP_SANDBOX = NO;
				ENABLE_HARDENED_RUNTIME = NO;
				ENABLE_PREVIEWS = YES;
				GENERATE_INFOPLIST_FILE = YES;
				INFOPLIST_FILE = Inearby/Info.plist;
				INFOPLIST_KEY_LSApplicationCategoryType = "public.app-category.games";
				"INFOPLIST_KEY_UILaunchScreen_Generation[sdk=iphoneos*]" = YES;
				"INFOPLIST_KEY_UILaunchScreen_Generation[sdk=iphonesimulator*]" = YES;
				INFOPLIST_KEY_UISupportedInterfaceOrientations_iPad = "UIInterfaceOrientationPortrait UIInterfaceOrientationPortraitUpsideDown UIInterfaceOrientationLandscapeLeft UIInterfaceOrientationLandscapeRight";
				INFOPLIST_KEY_UISupportedInterfaceOrientations_iPhone = UIInterfaceOrientationPortrait;
				LD_RUNPATH_SEARCH_PATHS = "@executable_path/Frameworks";
				"LD_RUNPATH_SEARCH_PATHS[sdk=macosx*]" = "@executable_path/../Frameworks";
				MARKETING_VERSION = 1.0;
				PRODUCT_BUNDLE_IDENTIFIER = ibtisam.Inearby;
				PRODUCT_NAME = "$(TARGET_NAME)";
				SUPPORTED_PLATFORMS = "iphoneos iphonesimulator macosx";
				SUPPORTS_MACCATALYST = NO;
				SUPPORTS_MAC_DESIGNED_FOR_IPHONE_IPAD = NO;
				SWIFT_EMIT_LOC_STRINGS = YES;
				SWIFT_VERSION = 5.0;
				TARGETED_DEVICE_FAMILY = "1,2";
			};
			name = Debug;
		};
		42446A3A2991325C006179E0 /* Release */ = {
			isa = XCBuildConfiguration;
			buildSettings = {
				ASSETCATALOG_COMPILER_APPICON_NAME = AppIcon;
				ASSETCATALOG_COMPILER_GLOBAL_ACCENT_COLOR_NAME = AccentColor;
				CODE_SIGN_ENTITLEMENTS = Inearby/Inearby.entitlements;
				CODE_SIGN_IDENTITY = "Apple Development";
				CODE_SIGN_STYLE = Automatic;
				CURRENT_PROJECT_VERSION = 1;
				DEVELOPMENT_ASSET_PATHS = "\"Inearby/Preview Content\"";
				DEVELOPMENT_TEAM = 44WU49QPS6;
				ENABLE_APP_SANDBOX = NO;
				ENABLE_HARDENED_RUNTIME = NO;
				ENABLE_PREVIEWS = YES;
				GENERATE_INFOPLIST_FILE = YES;
				INFOPLIST_FILE = Inearby/Info.plist;
				INFOPLIST_KEY_LSApplicationCategoryType = "public.app-category.games";
				"INFOPLIST_KEY_UILaunchScreen_Generation[sdk=iphoneos*]" = YES;
				"INFOPLIST_KEY_UILaunchScreen_Generation[sdk=iphonesimulator*]" = YES;
				INFOPLIST_KEY_UISupportedInterfaceOrientations_iPad = "UIInterfaceOrientationPortrait UIInterfaceOrientationPortraitUpsideDown UIInterfaceOrientationLandscapeLeft UIInterfaceOrientationLandscapeRight";
				INFOPLIST_KEY_UISupportedInterfaceOrientations_iPhone = UIInterfaceOrientationPortrait;
				LD_RUNPATH_SEARCH_PATHS = "@executable_path/Frameworks";
				"LD_RUNPATH_SEARCH_PATHS[sdk=macosx*]" = "@executable_path/../Frameworks";
				MARKETING_VERSION = 1.0;
				PRODUCT_BUNDLE_IDENTIFIER = ibtisam.Inearby;
				PRODUCT_NAME = "$(TARGET_NAME)";
				PROVISIONING_PROFILE_SPECIFIER = "";
				SUPPORTED_PLATFORMS = "iphoneos iphonesimulator macosx";
				SUPPORTS_MACCATALYST = NO;
				SUPPORTS_MAC_DESIGNED_FOR_IPHONE_IPAD = NO;
				SWIFT_EMIT_LOC_STRINGS = YES;
				SWIFT_VERSION = 5.0;
				TARGETED_DEVICE_FAMILY = "1,2";
			};
			name = Release;
		};
		42446A3C2991325C006179E0 /* Debug */ = {
			isa = XCBuildConfiguration;
			buildSettings = {
				ALWAYS_EMBED_SWIFT_STANDARD_LIBRARIES = YES;
				BUNDLE_LOADER = "$(TEST_HOST)";
				CODE_SIGN_STYLE = Automatic;
				CURRENT_PROJECT_VERSION = 1;
				GENERATE_INFOPLIST_FILE = YES;
				IPHONEOS_DEPLOYMENT_TARGET = 16.2;
				MARKETING_VERSION = 1.0;
				PRODUCT_BUNDLE_IDENTIFIER = ibtisam.InearbyTests;
				PRODUCT_NAME = "$(TARGET_NAME)";
				SWIFT_EMIT_LOC_STRINGS = NO;
				SWIFT_VERSION = 5.0;
				TARGETED_DEVICE_FAMILY = "1,2";
				TEST_HOST = "$(BUILT_PRODUCTS_DIR)/Inearby.app/$(BUNDLE_EXECUTABLE_FOLDER_PATH)/Inearby";
			};
			name = Debug;
		};
		42446A3D2991325C006179E0 /* Release */ = {
			isa = XCBuildConfiguration;
			buildSettings = {
				ALWAYS_EMBED_SWIFT_STANDARD_LIBRARIES = YES;
				BUNDLE_LOADER = "$(TEST_HOST)";
				CODE_SIGN_STYLE = Automatic;
				CURRENT_PROJECT_VERSION = 1;
				GENERATE_INFOPLIST_FILE = YES;
				IPHONEOS_DEPLOYMENT_TARGET = 16.2;
				MARKETING_VERSION = 1.0;
				PRODUCT_BUNDLE_IDENTIFIER = ibtisam.InearbyTests;
				PRODUCT_NAME = "$(TARGET_NAME)";
				SWIFT_EMIT_LOC_STRINGS = NO;
				SWIFT_VERSION = 5.0;
				TARGETED_DEVICE_FAMILY = "1,2";
				TEST_HOST = "$(BUILT_PRODUCTS_DIR)/Inearby.app/$(BUNDLE_EXECUTABLE_FOLDER_PATH)/Inearby";
			};
			name = Release;
		};
		42446A3F2991325C006179E0 /* Debug */ = {
			isa = XCBuildConfiguration;
			buildSettings = {
				ALWAYS_EMBED_SWIFT_STANDARD_LIBRARIES = YES;
				CODE_SIGN_STYLE = Automatic;
				CURRENT_PROJECT_VERSION = 1;
				GENERATE_INFOPLIST_FILE = YES;
				MARKETING_VERSION = 1.0;
				PRODUCT_BUNDLE_IDENTIFIER = ibtisam.InearbyUITests;
				PRODUCT_NAME = "$(TARGET_NAME)";
				SWIFT_EMIT_LOC_STRINGS = NO;
				SWIFT_VERSION = 5.0;
				TARGETED_DEVICE_FAMILY = "1,2";
				TEST_TARGET_NAME = Inearby;
			};
			name = Debug;
		};
		42446A402991325C006179E0 /* Release */ = {
			isa = XCBuildConfiguration;
			buildSettings = {
				ALWAYS_EMBED_SWIFT_STANDARD_LIBRARIES = YES;
				CODE_SIGN_STYLE = Automatic;
				CURRENT_PROJECT_VERSION = 1;
				GENERATE_INFOPLIST_FILE = YES;
				MARKETING_VERSION = 1.0;
				PRODUCT_BUNDLE_IDENTIFIER = ibtisam.InearbyUITests;
				PRODUCT_NAME = "$(TARGET_NAME)";
				SWIFT_EMIT_LOC_STRINGS = NO;
				SWIFT_VERSION = 5.0;
				TARGETED_DEVICE_FAMILY = "1,2";
				TEST_TARGET_NAME = Inearby;
			};
			name = Release;
		};
/* End XCBuildConfiguration section */

/* Begin XCConfigurationList section */
		42446A0F2991325A006179E0 /* Build configuration list for PBXProject "Inearby" */ = {
			isa = XCConfigurationList;
			buildConfigurations = (
				42446A362991325C006179E0 /* Debug */,
				42446A372991325C006179E0 /* Release */,
			);
			defaultConfigurationIsVisible = 0;
			defaultConfigurationName = Release;
		};
		42446A382991325C006179E0 /* Build configuration list for PBXNativeTarget "Inearby" */ = {
			isa = XCConfigurationList;
			buildConfigurations = (
				42446A392991325C006179E0 /* Debug */,
				42446A3A2991325C006179E0 /* Release */,
			);
			defaultConfigurationIsVisible = 0;
			defaultConfigurationName = Release;
		};
		42446A3B2991325C006179E0 /* Build configuration list for PBXNativeTarget "InearbyTests" */ = {
			isa = XCConfigurationList;
			buildConfigurations = (
				42446A3C2991325C006179E0 /* Debug */,
				42446A3D2991325C006179E0 /* Release */,
			);
			defaultConfigurationIsVisible = 0;
			defaultConfigurationName = Release;
		};
		42446A3E2991325C006179E0 /* Build configuration list for PBXNativeTarget "InearbyUITests" */ = {
			isa = XCConfigurationList;
			buildConfigurations = (
				42446A3F2991325C006179E0 /* Debug */,
				42446A402991325C006179E0 /* Release */,
			);
			defaultConfigurationIsVisible = 0;
			defaultConfigurationName = Release;
		};
/* End XCConfigurationList section */
	};
	rootObject = 42446A0C2991325A006179E0 /* Project object */;
}
