// !$*UTF8*$!
{
	archiveVersion = 1;
	classes = {
	};
	objectVersion = 56;
	objects = {

/* Begin PBXBuildFile section */
		42446A182991325A006179E0 /* InearbyApp.swift in Sources */ = {isa = PBXBuildFile; fileRef = 42446A172991325A006179E0 /* InearbyApp.swift */; };
		42446A1A2991325A006179E0 /* ContentView.swift in Sources */ = {isa = PBXBuildFile; fileRef = 42446A192991325A006179E0 /* ContentView.swift */; };
		42446A1C2991325B006179E0 /* Assets.xcassets in Resources */ = {isa = PBXBuildFile; fileRef = 42446A1B2991325B006179E0 /* Assets.xcassets */; };
		42446A1F2991325B006179E0 /* Preview Assets.xcassets in Resources */ = {isa = PBXBuildFile; fileRef = 42446A1E2991325B006179E0 /* Preview Assets.xcassets */; };
		42446A292991325C006179E0 /* InearbyTests.swift in Sources */ = {isa = PBXBuildFile; fileRef = 42446A282991325C006179E0 /* InearbyTests.swift */; };
		42446A332991325C006179E0 /* InearbyUITests.swift in Sources */ = {isa = PBXBuildFile; fileRef = 42446A322991325C006179E0 /* InearbyUITests.swift */; };
		42446A352991325C006179E0 /* InearbyUITestsLaunchTests.swift in Sources */ = {isa = PBXBuildFile; fileRef = 42446A342991325C006179E0 /* InearbyUITestsLaunchTests.swift */; };
/* End PBXBuildFile section */

/* Begin PBXContainerItemProxy section */
		42446A252991325C006179E0 /* PBXContainerItemProxy */ = {
			isa = PBXContainerItemProxy;
			containerPortal = 42446A0C2991325A006179E0 /* Project object */;
			proxyType = 1;
			remoteGlobalIDString = 42446A132991325A006179E0;
			remoteInfo = Inearby;
		};
		42446A2F2991325C006179E0 /* PBXContainerItemProxy */ = {
			isa = PBXContainerItemProxy;
			containerPortal = 42446A0C2991325A006179E0 /* Project object */;
			proxyType = 1;
			remoteGlobalIDString = 42446A132991325A006179E0;
			remoteInfo = Inearby;
		};
/* End PBXContainerItemProxy section */

/* Begin PBXFileReference section */
		42446A142991325A006179E0 /* Inearby.app */ = {isa = PBXFileReference; explicitFileType = wrapper.application; includeInIndex = 0; path = Inearby.app; sourceTree = BUILT_PRODUCTS_DIR; };
		42446A172991325A006179E0 /* InearbyApp.swift */ = {isa = PBXFileReference; lastKnownFileType = sourcecode.swift; path = InearbyApp.swift; sourceTree = "<group>"; };
		42446A192991325A006179E0 /* ContentView.swift */ = {isa = PBXFileReference; lastKnownFileType = sourcecode.swift; path = ContentView.swift; sourceTree = "<group>"; };
		42446A1B2991325B006179E0 /* Assets.xcassets */ = {isa = PBXFileReference; lastKnownFileType = folder.assetcatalog; path = Assets.xcassets; sourceTree = "<group>"; };
		42446A1E2991325B006179E0 /* Preview Assets.xcassets */ = {isa = PBXFileReference; lastKnownFileType = folder.assetcatalog; path = "Preview Assets.xcassets"; sourceTree = "<group>"; };
		42446A242991325C006179E0 /* InearbyTests.xctest */ = {isa = PBXFileReference; explicitFileType = wrapper.cfbundle; includeInIndex = 0; path = InearbyTests.xctest; sourceTree = BUILT_PRODUCTS_DIR; };
		42446A282991325C006179E0 /* InearbyTests.swift */ = {isa = PBXFileReference; lastKnownFileType = sourcecode.swift; path = InearbyTests.swift; sourceTree = "<group>"; };
		42446A2E2991325C006179E0 /* InearbyUITests.xctest */ = {isa = PBXFileReference; explicitFileType = wrapper.cfbundle; includeInIndex = 0; path = InearbyUITests.xctest; sourceTree = BUILT_PRODUCTS_DIR; };
		42446A322991325C006179E0 /* InearbyUITests.swift */ = {isa = PBXFileReference; lastKnownFileType = sourcecode.swift; path = InearbyUITests.swift; sourceTree = "<group>"; };
		42446A342991325C006179E0 /* InearbyUITestsLaunchTests.swift */ = {isa = PBXFileReference; lastKnownFileType = sourcecode.swift; path = InearbyUITestsLaunchTests.swift; sourceTree = "<group>"; };
/* End PBXFileReference section */

/* Begin PBXFrameworksBuildPhase section */
		42446A112991325A006179E0 /* Frameworks */ = {
			isa = PBXFrameworksBuildPhase;
			buildActionMask = 2147483647;
			files = (
			);
			runOnlyForDeploymentPostprocessing = 0;
		};
		42446A212991325C006179E0 /* Frameworks */ = {
			isa = PBXFrameworksBuildPhase;
			buildActionMask = 2147483647;
			files = (
			);
			runOnlyForDeploymentPostprocessing = 0;
		};
		42446A2B2991325C006179E0 /* Frameworks */ = {
			isa = PBXFrameworksBuildPhase;
			buildActionMask = 2147483647;
			files = (
			);
			runOnlyForDeploymentPostprocessing = 0;
		};
/* End PBXFrameworksBuildPhase section */

/* Begin PBXGroup section */
		42446A0B2991325A006179E0 = {
			isa = PBXGroup;
			children = (
				42446A162991325A006179E0 /* Inearby */,
				42446A272991325C006179E0 /* InearbyTests */,
				42446A312991325C006179E0 /* InearbyUITests */,
				42446A152991325A006179E0 /* Products */,
			);
			sourceTree = "<group>";
		};
		42446A152991325A006179E0 /* Products */ = {
			isa = PBXGroup;
			children = (
				42446A142991325A006179E0 /* Inearby.app */,
				42446A242991325C006179E0 /* InearbyTests.xctest */,
				42446A2E2991325C006179E0 /* InearbyUITests.xctest */,
			);
			name = Products;
			sourceTree = "<group>";
		};
		42446A162991325A006179E0 /* Inearby */ = {
			isa = PBXGroup;
			children = (
				42446A172991325A006179E0 /* InearbyApp.swift */,
				42446A192991325A006179E0 /* ContentView.swift */,
				42446A1B2991325B006179E0 /* Assets.xcassets */,
				42446A1D2991325B006179E0 /* Preview Content */,
			);
			path = Inearby;
			sourceTree = "<group>";
		};
		42446A1D2991325B006179E0 /* Preview Content */ = {
			isa = PBXGroup;
			children = (
				42446A1E2991325B006179E0 /* Preview Assets.xcassets */,
			);
			path = "Preview Content";
			sourceTree = "<group>";
		};
		42446A272991325C006179E0 /* InearbyTests */ = {
			isa = PBXGroup;
			children = (
				42446A282991325C006179E0 /* InearbyTests.swift */,
			);
			path = InearbyTests;
			sourceTree = "<group>";
		};
		42446A312991325C006179E0 /* InearbyUITests */ = {
			isa = PBXGroup;
			children = (
				42446A322991325C006179E0 /* InearbyUITests.swift */,
				42446A342991325C006179E0 /* InearbyUITestsLaunchTests.swift */,
			);
			path = InearbyUITests;
			sourceTree = "<group>";
		};
/* End PBXGroup section */

/* Begin PBXNativeTarget section */
		42446A132991325A006179E0 /* Inearby */ = {
			isa = PBXNativeTarget;
			buildConfigurationList = 42446A382991325C006179E0 /* Build configuration list for PBXNativeTarget "Inearby" */;
			buildPhases = (
				42446A102991325A006179E0 /* Sources */,
				42446A112991325A006179E0 /* Frameworks */,
				42446A122991325A006179E0 /* Resources */,
			);
			buildRules = (
			);
			dependencies = (
			);
			name = Inearby;
			productName = Inearby;
			productReference = 42446A142991325A006179E0 /* Inearby.app */;
			productType = "com.apple.product-type.application";
		};
		42446A232991325C006179E0 /* InearbyTests */ = {
			isa = PBXNativeTarget;
			buildConfigurationList = 42446A3B2991325C006179E0 /* Build configuration list for PBXNativeTarget "InearbyTests" */;
			buildPhases = (
				42446A202991325C006179E0 /* Sources */,
				42446A212991325C006179E0 /* Frameworks */,
				42446A222991325C006179E0 /* Resources */,
			);
			buildRules = (
			);
			dependencies = (
				42446A262991325C006179E0 /* PBXTargetDependency */,
			);
			name = InearbyTests;
			productName = InearbyTests;
			productReference = 42446A242991325C006179E0 /* InearbyTests.xctest */;
			productType = "com.apple.product-type.bundle.unit-test";
		};
		42446A2D2991325C006179E0 /* InearbyUITests */ = {
			isa = PBXNativeTarget;
			buildConfigurationList = 42446A3E2991325C006179E0 /* Build configuration list for PBXNativeTarget "InearbyUITests" */;
			buildPhases = (
				42446A2A2991325C006179E0 /* Sources */,
				42446A2B2991325C006179E0 /* Frameworks */,
				42446A2C2991325C006179E0 /* Resources */,
			);
			buildRules = (
			);
			dependencies = (
				42446A302991325C006179E0 /* PBXTargetDependency */,
			);
			name = InearbyUITests;
			productName = InearbyUITests;
			productReference = 42446A2E2991325C006179E0 /* InearbyUITests.xctest */;
			productType = "com.apple.product-type.bundle.ui-testing";
		};
/* End PBXNativeTarget section */

/* Begin PBXProject section */
		42446A0C2991325A006179E0 /* Project object */ = {
			isa = PBXProject;
			attributes = {
				BuildIndependentTargetsInParallel = 1;
				LastSwiftUpdateCheck = 1420;
				LastUpgradeCheck = 1420;
				TargetAttributes = {
					42446A132991325A006179E0 = {
						CreatedOnToolsVersion = 14.2;
					};
					42446A232991325C006179E0 = {
						CreatedOnToolsVersion = 14.2;
						TestTargetID = 42446A132991325A006179E0;
					};
					42446A2D2991325C006179E0 = {
						CreatedOnToolsVersion = 14.2;
						TestTargetID = 42446A132991325A006179E0;
					};
				};
			};
			buildConfigurationList = 42446A0F2991325A006179E0 /* Build configuration list for PBXProject "Inearby" */;
			compatibilityVersion = "Xcode 14.0";
			developmentRegion = en;
			hasScannedForEncodings = 0;
			knownRegions = (
				en,
				Base,
			);
			mainGroup = 42446A0B2991325A006179E0;
			productRefGroup = 42446A152991325A006179E0 /* Products */;
			projectDirPath = "";
			projectRoot = "";
			targets = (
				42446A132991325A006179E0 /* Inearby */,
				42446A232991325C006179E0 /* InearbyTests */,
				42446A2D2991325C006179E0 /* InearbyUITests */,
			);
		};
/* End PBXProject section */

/* Begin PBXResourcesBuildPhase section */
		42446A122991325A006179E0 /* Resources */ = {
			isa = PBXResourcesBuildPhase;
			buildActionMask = 2147483647;
			files = (
				42446A1F2991325B006179E0 /* Preview Assets.xcassets in Resources */,
				42446A1C2991325B006179E0 /* Assets.xcassets in Resources */,
			);
			runOnlyForDeploymentPostprocessing = 0;
		};
		42446A222991325C006179E0 /* Resources */ = {
			isa = PBXResourcesBuildPhase;
			buildActionMask = 2147483647;
			files = (
			);
			runOnlyForDeploymentPostprocessing = 0;
		};
		42446A2C2991325C006179E0 /* Resources */ = {
			isa = PBXResourcesBuildPhase;
			buildActionMask = 2147483647;
			files = (
			);
			runOnlyForDeploymentPostprocessing = 0;
		};
/* End PBXResourcesBuildPhase section */

/* Begin PBXSourcesBuildPhase section */
		42446A102991325A006179E0 /* Sources */ = {
			isa = PBXSourcesBuildPhase;
			buildActionMask = 2147483647;
			files = (
				42446A1A2991325A006179E0 /* ContentView.swift in Sources */,
				42446A182991325A006179E0 /* InearbyApp.swift in Sources */,
			);
			runOnlyForDeploymentPostprocessing = 0;
		};
		42446A202991325C006179E0 /* Sources */ = {
			isa = PBXSourcesBuildPhase;
			buildActionMask = 2147483647;
			files = (
				42446A292991325C006179E0 /* InearbyTests.swift in Sources */,
			);
			runOnlyForDeploymentPostprocessing = 0;
		};
		42446A2A2991325C006179E0 /* Sources */ = {
			isa = PBXSourcesBuildPhase;
			buildActionMask = 2147483647;
			files = (
				42446A332991325C006179E0 /* InearbyUITests.swift in Sources */,
				42446A352991325C006179E0 /* InearbyUITestsLaunchTests.swift in Sources */,
			);
			runOnlyForDeploymentPostprocessing = 0;
		};
/* End PBXSourcesBuildPhase section */

/* Begin PBXTargetDependency section */
		42446A262991325C006179E0 /* PBXTargetDependency */ = {
			isa = PBXTargetDependency;
			target = 42446A132991325A006179E0 /* Inearby */;
			targetProxy = 42446A252991325C006179E0 /* PBXContainerItemProxy */;
		};
		42446A302991325C006179E0 /* PBXTargetDependency */ = {
			isa = PBXTargetDependency;
			target = 42446A132991325A006179E0 /* Inearby */;
			targetProxy = 42446A2F2991325C006179E0 /* PBXContainerItemProxy */;
		};
/* End PBXTargetDependency section */

/* Begin XCBuildConfiguration section */
		42446A362991325C006179E0 /* Debug */ = {
			isa = XCBuildConfiguration;
			buildSettings = {
				ALWAYS_SEARCH_USER_PATHS = NO;
				CLANG_ANALYZER_NONNULL = YES;
				CLANG_ANALYZER_NUMBER_OBJECT_CONVERSION = YES_AGGRESSIVE;
				CLANG_CXX_LANGUAGE_STANDARD = "gnu++20";
				CLANG_ENABLE_MODULES = YES;
				CLANG_ENABLE_OBJC_ARC = YES;
				CLANG_ENABLE_OBJC_WEAK = YES;
				CLANG_WARN_BLOCK_CAPTURE_AUTORELEASING = YES;
				CLANG_WARN_BOOL_CONVERSION = YES;
				CLANG_WARN_COMMA = YES;
				CLANG_WARN_CONSTANT_CONVERSION = YES;
				CLANG_WARN_DEPRECATED_OBJC_IMPLEMENTATIONS = YES;
				CLANG_WARN_DIRECT_OBJC_ISA_USAGE = YES_ERROR;
				CLANG_WARN_DOCUMENTATION_COMMENTS = YES;
				CLANG_WARN_EMPTY_BODY = YES;
				CLANG_WARN_ENUM_CONVERSION = YES;
				CLANG_WARN_INFINITE_RECURSION = YES;
				CLANG_WARN_INT_CONVERSION = YES;
				CLANG_WARN_NON_LITERAL_NULL_CONVERSION = YES;
				CLANG_WARN_OBJC_IMPLICIT_RETAIN_SELF = YES;
				CLANG_WARN_OBJC_LITERAL_CONVERSION = YES;
				CLANG_WARN_OBJC_ROOT_CLASS = YES_ERROR;
				CLANG_WARN_QUOTED_INCLUDE_IN_FRAMEWORK_HEADER = YES;
				CLANG_WARN_RANGE_LOOP_ANALYSIS = YES;
				CLANG_WARN_STRICT_PROTOTYPES = YES;
				CLANG_WARN_SUSPICIOUS_MOVE = YES;
				CLANG_WARN_UNGUARDED_AVAILABILITY = YES_AGGRESSIVE;
				CLANG_WARN_UNREACHABLE_CODE = YES;
				CLANG_WARN__DUPLICATE_METHOD_MATCH = YES;
				COPY_PHASE_STRIP = NO;
				DEBUG_INFORMATION_FORMAT = dwarf;
				ENABLE_STRICT_OBJC_MSGSEND = YES;
				ENABLE_TESTABILITY = YES;
				GCC_C_LANGUAGE_STANDARD = gnu11;
				GCC_DYNAMIC_NO_PIC = NO;
				GCC_NO_COMMON_BLOCKS = YES;
				GCC_OPTIMIZATION_LEVEL = 0;
				GCC_PREPROCESSOR_DEFINITIONS = (
					"DEBUG=1",
					"$(inherited)",
				);
				GCC_WARN_64_TO_32_BIT_CONVERSION = YES;
				GCC_WARN_ABOUT_RETURN_TYPE = YES_ERROR;
				GCC_WARN_UNDECLARED_SELECTOR = YES;
				GCC_WARN_UNINITIALIZED_AUTOS = YES_AGGRESSIVE;
				GCC_WARN_UNUSED_FUNCTION = YES;
				GCC_WARN_UNUSED_VARIABLE = YES;
				IPHONEOS_DEPLOYMENT_TARGET = 16.2;
				MTL_ENABLE_DEBUG_INFO = INCLUDE_SOURCE;
				MTL_FAST_MATH = YES;
				ONLY_ACTIVE_ARCH = YES;
				SDKROOT = iphoneos;
				SWIFT_ACTIVE_COMPILATION_CONDITIONS = DEBUG;
				SWIFT_OPTIMIZATION_LEVEL = "-Onone";
			};
			name = Debug;
		};
		42446A372991325C006179E0 /* Release */ = {
			isa = XCBuildConfiguration;
			buildSettings = {
				ALWAYS_SEARCH_USER_PATHS = NO;
				CLANG_ANALYZER_NONNULL = YES;
				CLANG_ANALYZER_NUMBER_OBJECT_CONVERSION = YES_AGGRESSIVE;
				CLANG_CXX_LANGUAGE_STANDARD = "gnu++20";
				CLANG_ENABLE_MODULES = YES;
				CLANG_ENABLE_OBJC_ARC = YES;
				CLANG_ENABLE_OBJC_WEAK = YES;
				CLANG_WARN_BLOCK_CAPTURE_AUTORELEASING = YES;
				CLANG_WARN_BOOL_CONVERSION = YES;
				CLANG_WARN_COMMA = YES;
				CLANG_WARN_CONSTANT_CONVERSION = YES;
				CLANG_WARN_DEPRECATED_OBJC_IMPLEMENTATIONS = YES;
				CLANG_WARN_DIRECT_OBJC_ISA_USAGE = YES_ERROR;
				CLANG_WARN_DOCUMENTATION_COMMENTS = YES;
				CLANG_WARN_EMPTY_BODY = YES;
				CLANG_WARN_ENUM_CONVERSION = YES;
				CLANG_WARN_INFINITE_RECURSION = YES;
				CLANG_WARN_INT_CONVERSION = YES;
				CLANG_WARN_NON_LITERAL_NULL_CONVERSION = YES;
				CLANG_WARN_OBJC_IMPLICIT_RETAIN_SELF = YES;
				CLANG_WARN_OBJC_LITERAL_CONVERSION = YES;
				CLANG_WARN_OBJC_ROOT_CLASS = YES_ERROR;
				CLANG_WARN_QUOTED_INCLUDE_IN_FRAMEWORK_HEADER = YES;
				CLANG_WARN_RANGE_LOOP_ANALYSIS = YES;
				CLANG_WARN_STRICT_PROTOTYPES = YES;
				CLANG_WARN_SUSPICIOUS_MOVE = YES;
				CLANG_WARN_UNGUARDED_AVAILABILITY = YES_AGGRESSIVE;
				CLANG_WARN_UNREACHABLE_CODE = YES;
				CLANG_WARN__DUPLICATE_METHOD_MATCH = YES;
				COPY_PHASE_STRIP = NO;
				DEBUG_INFORMATION_FORMAT = "dwarf-with-dsym";
				ENABLE_NS_ASSERTIONS = NO;
				ENABLE_STRICT_OBJC_MSGSEND = YES;
				GCC_C_LANGUAGE_STANDARD = gnu11;
				GCC_NO_COMMON_BLOCKS = YES;
				GCC_WARN_64_TO_32_BIT_CONVERSION = YES;
				GCC_WARN_ABOUT_RETURN_TYPE = YES_ERROR;
				GCC_WARN_UNDECLARED_SELECTOR = YES;
				GCC_WARN_UNINITIALIZED_AUTOS = YES_AGGRESSIVE;
				GCC_WARN_UNUSED_FUNCTION = YES;
				GCC_WARN_UNUSED_VARIABLE = YES;
				IPHONEOS_DEPLOYMENT_TARGET = 16.2;
				MTL_ENABLE_DEBUG_INFO = NO;
				MTL_FAST_MATH = YES;
				SDKROOT = iphoneos;
				SWIFT_COMPILATION_MODE = wholemodule;
				SWIFT_OPTIMIZATION_LEVEL = "-O";
				VALIDATE_PRODUCT = YES;
			};
			name = Release;
		};
		42446A392991325C006179E0 /* Debug */ = {
			isa = XCBuildConfiguration;
			buildSettings = {
				ASSETCATALOG_COMPILER_APPICON_NAME = AppIcon;
				ASSETCATALOG_COMPILER_GLOBAL_ACCENT_COLOR_NAME = AccentColor;
				CODE_SIGN_STYLE = Automatic;
				CURRENT_PROJECT_VERSION = 1;
				DEVELOPMENT_ASSET_PATHS = "\"Inearby/Preview Content\"";
				ENABLE_PREVIEWS = YES;
				GENERATE_INFOPLIST_FILE = YES;
				INFOPLIST_KEY_UIApplicationSceneManifest_Generation = YES;
				INFOPLIST_KEY_UIApplicationSupportsIndirectInputEvents = YES;
				INFOPLIST_KEY_UILaunchScreen_Generation = YES;
				INFOPLIST_KEY_UISupportedInterfaceOrientations_iPad = "UIInterfaceOrientationPortrait UIInterfaceOrientationPortraitUpsideDown UIInterfaceOrientationLandscapeLeft UIInterfaceOrientationLandscapeRight";
				INFOPLIST_KEY_UISupportedInterfaceOrientations_iPhone = "UIInterfaceOrientationPortrait UIInterfaceOrientationLandscapeLeft UIInterfaceOrientationLandscapeRight";
				LD_RUNPATH_SEARCH_PATHS = (
					"$(inherited)",
					"@executable_path/Frameworks",
				);
				MARKETING_VERSION = 1.0;
				PRODUCT_BUNDLE_IDENTIFIER = ibtisam.Inearby;
				PRODUCT_NAME = "$(TARGET_NAME)";
				SWIFT_EMIT_LOC_STRINGS = YES;
				SWIFT_VERSION = 5.0;
				TARGETED_DEVICE_FAMILY = "1,2";
			};
			name = Debug;
		};
		42446A3A2991325C006179E0 /* Release */ = {
			isa = XCBuildConfiguration;
			buildSettings = {
				ASSETCATALOG_COMPILER_APPICON_NAME = AppIcon;
				ASSETCATALOG_COMPILER_GLOBAL_ACCENT_COLOR_NAME = AccentColor;
				CODE_SIGN_STYLE = Automatic;
				CURRENT_PROJECT_VERSION = 1;
				DEVELOPMENT_ASSET_PATHS = "\"Inearby/Preview Content\"";
				ENABLE_PREVIEWS = YES;
				GENERATE_INFOPLIST_FILE = YES;
				INFOPLIST_KEY_UIApplicationSceneManifest_Generation = YES;
				INFOPLIST_KEY_UIApplicationSupportsIndirectInputEvents = YES;
				INFOPLIST_KEY_UILaunchScreen_Generation = YES;
				INFOPLIST_KEY_UISupportedInterfaceOrientations_iPad = "UIInterfaceOrientationPortrait UIInterfaceOrientationPortraitUpsideDown UIInterfaceOrientationLandscapeLeft UIInterfaceOrientationLandscapeRight";
				INFOPLIST_KEY_UISupportedInterfaceOrientations_iPhone = "UIInterfaceOrientationPortrait UIInterfaceOrientationLandscapeLeft UIInterfaceOrientationLandscapeRight";
				LD_RUNPATH_SEARCH_PATHS = (
					"$(inherited)",
					"@executable_path/Frameworks",
				);
				MARKETING_VERSION = 1.0;
				PRODUCT_BUNDLE_IDENTIFIER = ibtisam.Inearby;
				PRODUCT_NAME = "$(TARGET_NAME)";
				SWIFT_EMIT_LOC_STRINGS = YES;
				SWIFT_VERSION = 5.0;
				TARGETED_DEVICE_FAMILY = "1,2";
			};
			name = Release;
		};
		42446A3C2991325C006179E0 /* Debug */ = {
			isa = XCBuildConfiguration;
			buildSettings = {
				ALWAYS_EMBED_SWIFT_STANDARD_LIBRARIES = YES;
				BUNDLE_LOADER = "$(TEST_HOST)";
				CODE_SIGN_STYLE = Automatic;
				CURRENT_PROJECT_VERSION = 1;
				GENERATE_INFOPLIST_FILE = YES;
				IPHONEOS_DEPLOYMENT_TARGET = 16.2;
				MARKETING_VERSION = 1.0;
				PRODUCT_BUNDLE_IDENTIFIER = ibtisam.InearbyTests;
				PRODUCT_NAME = "$(TARGET_NAME)";
				SWIFT_EMIT_LOC_STRINGS = NO;
				SWIFT_VERSION = 5.0;
				TARGETED_DEVICE_FAMILY = "1,2";
				TEST_HOST = "$(BUILT_PRODUCTS_DIR)/Inearby.app/$(BUNDLE_EXECUTABLE_FOLDER_PATH)/Inearby";
			};
			name = Debug;
		};
		42446A3D2991325C006179E0 /* Release */ = {
			isa = XCBuildConfiguration;
			buildSettings = {
				ALWAYS_EMBED_SWIFT_STANDARD_LIBRARIES = YES;
				BUNDLE_LOADER = "$(TEST_HOST)";
				CODE_SIGN_STYLE = Automatic;
				CURRENT_PROJECT_VERSION = 1;
				GENERATE_INFOPLIST_FILE = YES;
				IPHONEOS_DEPLOYMENT_TARGET = 16.2;
				MARKETING_VERSION = 1.0;
				PRODUCT_BUNDLE_IDENTIFIER = ibtisam.InearbyTests;
				PRODUCT_NAME = "$(TARGET_NAME)";
				SWIFT_EMIT_LOC_STRINGS = NO;
				SWIFT_VERSION = 5.0;
				TARGETED_DEVICE_FAMILY = "1,2";
				TEST_HOST = "$(BUILT_PRODUCTS_DIR)/Inearby.app/$(BUNDLE_EXECUTABLE_FOLDER_PATH)/Inearby";
			};
			name = Release;
		};
		42446A3F2991325C006179E0 /* Debug */ = {
			isa = XCBuildConfiguration;
			buildSettings = {
				ALWAYS_EMBED_SWIFT_STANDARD_LIBRARIES = YES;
				CODE_SIGN_STYLE = Automatic;
				CURRENT_PROJECT_VERSION = 1;
				GENERATE_INFOPLIST_FILE = YES;
				MARKETING_VERSION = 1.0;
				PRODUCT_BUNDLE_IDENTIFIER = ibtisam.InearbyUITests;
				PRODUCT_NAME = "$(TARGET_NAME)";
				SWIFT_EMIT_LOC_STRINGS = NO;
				SWIFT_VERSION = 5.0;
				TARGETED_DEVICE_FAMILY = "1,2";
				TEST_TARGET_NAME = Inearby;
			};
			name = Debug;
		};
		42446A402991325C006179E0 /* Release */ = {
			isa = XCBuildConfiguration;
			buildSettings = {
				ALWAYS_EMBED_SWIFT_STANDARD_LIBRARIES = YES;
				CODE_SIGN_STYLE = Automatic;
				CURRENT_PROJECT_VERSION = 1;
				GENERATE_INFOPLIST_FILE = YES;
				MARKETING_VERSION = 1.0;
				PRODUCT_BUNDLE_IDENTIFIER = ibtisam.InearbyUITests;
				PRODUCT_NAME = "$(TARGET_NAME)";
				SWIFT_EMIT_LOC_STRINGS = NO;
				SWIFT_VERSION = 5.0;
				TARGETED_DEVICE_FAMILY = "1,2";
				TEST_TARGET_NAME = Inearby;
			};
			name = Release;
		};
/* End XCBuildConfiguration section */

/* Begin XCConfigurationList section */
		42446A0F2991325A006179E0 /* Build configuration list for PBXProject "Inearby" */ = {
			isa = XCConfigurationList;
			buildConfigurations = (
				42446A362991325C006179E0 /* Debug */,
				42446A372991325C006179E0 /* Release */,
			);
			defaultConfigurationIsVisible = 0;
			defaultConfigurationName = Release;
		};
		42446A382991325C006179E0 /* Build configuration list for PBXNativeTarget "Inearby" */ = {
			isa = XCConfigurationList;
			buildConfigurations = (
				42446A392991325C006179E0 /* Debug */,
				42446A3A2991325C006179E0 /* Release */,
			);
			defaultConfigurationIsVisible = 0;
			defaultConfigurationName = Release;
		};
		42446A3B2991325C006179E0 /* Build configuration list for PBXNativeTarget "InearbyTests" */ = {
			isa = XCConfigurationList;
			buildConfigurations = (
				42446A3C2991325C006179E0 /* Debug */,
				42446A3D2991325C006179E0 /* Release */,
			);
			defaultConfigurationIsVisible = 0;
			defaultConfigurationName = Release;
		};
		42446A3E2991325C006179E0 /* Build configuration list for PBXNativeTarget "InearbyUITests" */ = {
			isa = XCConfigurationList;
			buildConfigurations = (
				42446A3F2991325C006179E0 /* Debug */,
				42446A402991325C006179E0 /* Release */,
			);
			defaultConfigurationIsVisible = 0;
			defaultConfigurationName = Release;
		};
/* End XCConfigurationList section */
	};
	rootObject = 42446A0C2991325A006179E0 /* Project object */;
}
